
Microsoft Visual Studio Solution File, Format Version 12.00
# Visual Studio Version 17
VisualStudioVersion = 17.10.35013.160
MinimumVisualStudioVersion = 10.0.40219.1
Project("{FAE04EC0-301F-11D3-BF4B-00C04F79EFBC}") = "Notification.Api", "Notification.Api\Notification.Api.csproj", "{27DBBCED-BEE5-4802-A300-25C83926D577}"
EndProject
Global
	GlobalSection(SolutionConfigurationPlatforms) = preSolution
		Debug|Any CPU = Debug|Any CPU
		Release|Any CPU = Release|Any CPU
	EndGlobalSection
	GlobalSection(ProjectConfigurationPlatforms) = postSolution
		{27DBBCED-BEE5-4802-A300-25C83926D577}.Debug|Any CPU.ActiveCfg = Debug|Any CPU
		{27DBBCED-BEE5-4802-A300-25C83926D577}.Debug|Any CPU.Build.0 = Debug|Any CPU
		{27DBBCED-BEE5-4802-A300-25C83926D577}.Release|Any CPU.ActiveCfg = Release|Any CPU
		{27DBBCED-BEE5-4802-A300-25C83926D577}.Release|Any CPU.Build.0 = Release|Any CPU
	EndGlobalSection
	GlobalSection(SolutionProperties) = preSolution
		HideSolutionNode = FALSE
	EndGlobalSection
	GlobalSection(ExtensibilityGlobals) = postSolution
		SolutionGuid = {070993ED-C125-401D-81F9-43F9988732E7}
	EndGlobalSection
EndGlobal
